
Microsoft Visual Studio Solution File, Format Version 12.00
# Visual Studio Version 16
VisualStudioVersion = 16.0.31515.178
MinimumVisualStudioVersion = 10.0.40219.1
Project("{FAE04EC0-301F-11D3-BF4B-00C04F79EFBC}") = "TestDevops", "TestDevops\TestDevops.csproj", "{03EC2450-EF96-422E-ABD7-2F70338FA8BF}"
EndProject
Global
	GlobalSection(SolutionConfigurationPlatforms) = preSolution
		Debug|Any CPU = Debug|Any CPU
		Release|Any CPU = Release|Any CPU
	EndGlobalSection
	GlobalSection(ProjectConfigurationPlatforms) = postSolution
		{03EC2450-EF96-422E-ABD7-2F70338FA8BF}.Debug|Any CPU.ActiveCfg = Debug|Any CPU
		{03EC2450-EF96-422E-ABD7-2F70338FA8BF}.Debug|Any CPU.Build.0 = Debug|Any CPU
		{03EC2450-EF96-422E-ABD7-2F70338FA8BF}.Release|Any CPU.ActiveCfg = Release|Any CPU
		{03EC2450-EF96-422E-ABD7-2F70338FA8BF}.Release|Any CPU.Build.0 = Release|Any CPU
	EndGlobalSection
	GlobalSection(SolutionProperties) = preSolution
		HideSolutionNode = FALSE
	EndGlobalSection
	GlobalSection(ExtensibilityGlobals) = postSolution
		SolutionGuid = {63AA005A-0A06-4FA0-9302-36946ACF712C}
	EndGlobalSection
EndGlobal
